<?xml version="1.0" encoding="utf-8"?>
<Project ToolsVersion="4.0" xmlns="http://schemas.microsoft.com/developer/msbuild/2003">
  <ItemGroup>
    <Filter Include="core">
      <UniqueIdentifier>{19d3f7e5-03c8-4c8d-9335-9645b3a17bad}</UniqueIdentifier>
    </Filter>
    <Filter Include="third">
      <UniqueIdentifier>{8625cb81-6feb-4382-bf36-34739768f338}</UniqueIdentifier>
    </Filter>
    <Filter Include="third\muduo">
      <UniqueIdentifier>{df36f7c6-6e10-4013-8cd3-5540bed9f795}</UniqueIdentifier>
    </Filter>
    <Filter Include="third\muduo\base">
      <UniqueIdentifier>{8d7dce35-fe39-4b95-8a80-67390dd5fc2c}</UniqueIdentifier>
    </Filter>
    <Filter Include="third\muduo\net">
      <UniqueIdentifier>{506c5fe2-387a-457f-9a80-1eae51ca8d0d}</UniqueIdentifier>
    </Filter>
    <Filter Include="third\muduo\net\poller">
      <UniqueIdentifier>{0ffc63b3-4860-43d3-9f55-0a351d6f8774}</UniqueIdentifier>
    </Filter>
    <Filter Include="third\kcpp">
      <UniqueIdentifier>{909ba905-bb57-4bc3-8f32-3e723264d7e5}</UniqueIdentifier>
    </Filter>
    <Filter Include="third\muduo-win">
      <UniqueIdentifier>{e9f29cbb-f313-4684-b2df-184f8c20ce68}</UniqueIdentifier>
    </Filter>
    <Filter Include="third\muduo-win\alds">
      <UniqueIdentifier>{695ef438-70c5-41c9-b978-872f1417d9b9}</UniqueIdentifier>
    </Filter>
    <Filter Include="third\muduo-win\base">
      <UniqueIdentifier>{98fcb205-ef89-4ff8-9433-cfeef125dd45}</UniqueIdentifier>
    </Filter>
    <Filter Include="third\muduo-win\net">
      <UniqueIdentifier>{cfc9c290-01cb-4a90-871f-7a441f3fe4dd}</UniqueIdentifier>
    </Filter>
    <Filter Include="third\muduo-win\test">
      <UniqueIdentifier>{1ce81c78-0835-4245-bb24-58bb7d835e60}</UniqueIdentifier>
    </Filter>
    <Filter Include="third\muduo-win\base\security">
      <UniqueIdentifier>{790e6aef-3ad8-4d8a-b541-8072c1d5b26c}</UniqueIdentifier>
    </Filter>
    <Filter Include="third\muduo-win\net\Poller">
      <UniqueIdentifier>{7e3d1058-e9e1-4a10-a80d-94a258a5cf45}</UniqueIdentifier>
    </Filter>
    <Filter Include="test">
      <UniqueIdentifier>{4b103e73-a286-4e8a-9d41-6ef5f5f5fe2f}</UniqueIdentifier>
    </Filter>
    <Filter Include="third\kcpp\test">
      <UniqueIdentifier>{2c5821b6-fd02-4381-b071-3b4f60af76c1}</UniqueIdentifier>
    </Filter>
  </ItemGroup>
  <ItemGroup>
    <Text Include="..\..\..\third\kcpp\CMakeLists.txt">
      <Filter>third\kcpp</Filter>
    </Text>
    <Text Include="..\..\..\third\muduo\CMakeLists.txt">
      <Filter>third\muduo</Filter>
    </Text>
    <Text Include="..\..\..\core\CMakeLists.txt">
      <Filter>core</Filter>
    </Text>
    <Text Include="..\..\..\third\kcpp\test\CMakeLists.txt">
      <Filter>third\kcpp\test</Filter>
    </Text>
  </ItemGroup>
  <ItemGroup>
    <ClCompile Include="..\..\..\third\kcpp\ikcp.c">
      <Filter>third\kcpp</Filter>
    </ClCompile>
    <ClCompile Include="..\..\..\third\muduo\base\Condition.cc">
      <Filter>third\muduo\base</Filter>
    </ClCompile>
    <ClCompile Include="..\..\..\third\muduo\base\CountDownLatch.cc">
      <Filter>third\muduo\base</Filter>
    </ClCompile>
    <ClCompile Include="..\..\..\third\muduo\base\Date.cc">
      <Filter>third\muduo\base</Filter>
    </ClCompile>
    <ClCompile Include="..\..\..\third\muduo\base\Exception.cc">
      <Filter>third\muduo\base</Filter>
    </ClCompile>
    <ClCompile Include="..\..\..\third\muduo\base\Logging.cc">
      <Filter>third\muduo\base</Filter>
    </ClCompile>
    <ClCompile Include="..\..\..\third\muduo\base\LogStream.cc">
      <Filter>third\muduo\base</Filter>
    </ClCompile>
    <ClCompile Include="..\..\..\third\muduo\base\Thread.cc">
      <Filter>third\muduo\base</Filter>
    </ClCompile>
    <ClCompile Include="..\..\..\third\muduo\base\ThreadPool.cc">
      <Filter>third\muduo\base</Filter>
    </ClCompile>
    <ClCompile Include="..\..\..\third\muduo\base\Timestamp.cc">
      <Filter>third\muduo\base</Filter>
    </ClCompile>
    <ClCompile Include="..\..\..\third\muduo\base\TimeZone.cc">
      <Filter>third\muduo\base</Filter>
    </ClCompile>
    <ClCompile Include="..\..\..\third\muduo\net\Acceptor.cc">
      <Filter>third\muduo\net</Filter>
    </ClCompile>
    <ClCompile Include="..\..\..\third\muduo\net\Buffer.cc">
      <Filter>third\muduo\net</Filter>
    </ClCompile>
    <ClCompile Include="..\..\..\third\muduo\net\Channel.cc">
      <Filter>third\muduo\net</Filter>
    </ClCompile>
    <ClCompile Include="..\..\..\third\muduo\net\Connector.cc">
      <Filter>third\muduo\net</Filter>
    </ClCompile>
    <ClCompile Include="..\..\..\third\muduo\net\EventLoop.cc">
      <Filter>third\muduo\net</Filter>
    </ClCompile>
    <ClCompile Include="..\..\..\third\muduo\net\EventLoopThread.cc">
      <Filter>third\muduo\net</Filter>
    </ClCompile>
    <ClCompile Include="..\..\..\third\muduo\net\EventLoopThreadPool.cc">
      <Filter>third\muduo\net</Filter>
    </ClCompile>
    <ClCompile Include="..\..\..\third\muduo\net\InetAddress.cc">
      <Filter>third\muduo\net</Filter>
    </ClCompile>
    <ClCompile Include="..\..\..\third\muduo\net\Poller.cc">
      <Filter>third\muduo\net</Filter>
    </ClCompile>
    <ClCompile Include="..\..\..\third\muduo\net\Socket.cc">
      <Filter>third\muduo\net</Filter>
    </ClCompile>
    <ClCompile Include="..\..\..\third\muduo\net\SocketsOps.cc">
      <Filter>third\muduo\net</Filter>
    </ClCompile>
    <ClCompile Include="..\..\..\third\muduo\net\TcpClient.cc">
      <Filter>third\muduo\net</Filter>
    </ClCompile>
    <ClCompile Include="..\..\..\third\muduo\net\TcpConnection.cc">
      <Filter>third\muduo\net</Filter>
    </ClCompile>
    <ClCompile Include="..\..\..\third\muduo\net\TcpServer.cc">
      <Filter>third\muduo\net</Filter>
    </ClCompile>
    <ClCompile Include="..\..\..\third\muduo\net\Timer.cc">
      <Filter>third\muduo\net</Filter>
    </ClCompile>
    <ClCompile Include="..\..\..\third\muduo\net\TimerQueue.cc">
      <Filter>third\muduo\net</Filter>
    </ClCompile>
    <ClCompile Include="..\..\..\third\muduo\net\poller\DefaultPoller.cc">
      <Filter>third\muduo\net\poller</Filter>
    </ClCompile>
    <ClCompile Include="..\..\..\third\muduo\net\poller\EPollPoller.cc">
      <Filter>third\muduo\net\poller</Filter>
    </ClCompile>
    <ClCompile Include="..\..\..\third\muduo\net\poller\PollPoller.cc">
      <Filter>third\muduo\net\poller</Filter>
    </ClCompile>
    <ClCompile Include="..\..\..\core\UdpAcceptor.cpp">
      <Filter>core</Filter>
    </ClCompile>
    <ClCompile Include="..\..\..\core\UdpClient.cpp">
      <Filter>core</Filter>
    </ClCompile>
    <ClCompile Include="..\..\..\core\UdpConnection.cpp">
      <Filter>core</Filter>
    </ClCompile>
    <ClCompile Include="..\..\..\core\UdpConnector.cpp">
      <Filter>core</Filter>
    </ClCompile>
    <ClCompile Include="..\..\..\core\UdpServer.cpp">
      <Filter>core</Filter>
    </ClCompile>
    <ClCompile Include="..\..\..\core\UdpSocketsOps.cpp">
      <Filter>core</Filter>
    </ClCompile>
    <ClCompile Include="..\..\..\third\muduo-win\src\base\security\base64.cpp">
      <Filter>third\muduo-win\base\security</Filter>
    </ClCompile>
    <ClCompile Include="..\..\..\third\muduo-win\src\base\security\md5.cpp">
      <Filter>third\muduo-win\base\security</Filter>
    </ClCompile>
    <ClCompile Include="..\..\..\third\muduo-win\src\base\security\aes_core.cpp">
      <Filter>third\muduo-win\base\security</Filter>
    </ClCompile>
    <ClCompile Include="..\..\..\third\muduo-win\src\base\async_logging.cc">
      <Filter>third\muduo-win\base</Filter>
    </ClCompile>
    <ClCompile Include="..\..\..\third\muduo-win\src\base\config_file_reader.cc">
      <Filter>third\muduo-win\base</Filter>
    </ClCompile>
    <ClCompile Include="..\..\..\third\muduo-win\src\base\count_down_latch.cc">
      <Filter>third\muduo-win\base</Filter>
    </ClCompile>
    <ClCompile Include="..\..\..\third\muduo-win\src\base\file_util.cc">
      <Filter>third\muduo-win\base</Filter>
    </ClCompile>
    <ClCompile Include="..\..\..\third\muduo-win\src\base\log_file.cc">
      <Filter>third\muduo-win\base</Filter>
    </ClCompile>
    <ClCompile Include="..\..\..\third\muduo-win\src\base\log_stream.cc">
      <Filter>third\muduo-win\base</Filter>
    </ClCompile>
    <ClCompile Include="..\..\..\third\muduo-win\src\base\logging.cc">
      <Filter>third\muduo-win\base</Filter>
    </ClCompile>
    <ClCompile Include="..\..\..\third\muduo-win\src\base\thread_pool.cc">
      <Filter>third\muduo-win\base</Filter>
    </ClCompile>
    <ClCompile Include="..\..\..\third\muduo-win\src\base\timestamp.cc">
      <Filter>third\muduo-win\base</Filter>
    </ClCompile>
    <ClCompile Include="..\..\..\third\muduo-win\src\base\win_time.cc">
      <Filter>third\muduo-win\base</Filter>
    </ClCompile>
    <ClCompile Include="..\..\..\third\muduo-win\src\test\async_logging_test.cc">
      <Filter>third\muduo-win\test</Filter>
    </ClCompile>
    <ClCompile Include="..\..\..\third\muduo-win\src\test\config_file_read_test.cc">
      <Filter>third\muduo-win\test</Filter>
    </ClCompile>
    <ClCompile Include="..\..\..\third\muduo-win\src\test\connector_test.cc">
      <Filter>third\muduo-win\test</Filter>
    </ClCompile>
    <ClCompile Include="..\..\..\third\muduo-win\src\test\echoclient_test.cc">
      <Filter>third\muduo-win\test</Filter>
    </ClCompile>
    <ClCompile Include="..\..\..\third\muduo-win\src\test\echoserver_test.cc">
      <Filter>third\muduo-win\test</Filter>
    </ClCompile>
    <ClCompile Include="..\..\..\third\muduo-win\src\test\eventloop_test.cc">
      <Filter>third\muduo-win\test</Filter>
    </ClCompile>
    <ClCompile Include="..\..\..\third\muduo-win\src\test\eventloopthread_test.cc">
      <Filter>third\muduo-win\test</Filter>
    </ClCompile>
    <ClCompile Include="..\..\..\third\muduo-win\src\test\eventloopthreadpool_test.cc">
      <Filter>third\muduo-win\test</Filter>
    </ClCompile>
    <ClCompile Include="..\..\..\third\muduo-win\src\test\log_file_test.cc">
      <Filter>third\muduo-win\test</Filter>
    </ClCompile>
    <ClCompile Include="..\..\..\third\muduo-win\src\test\log_stream_bench.cc">
      <Filter>third\muduo-win\test</Filter>
    </ClCompile>
    <ClCompile Include="..\..\..\third\muduo-win\src\test\logging_test.cc">
      <Filter>third\muduo-win\test</Filter>
    </ClCompile>
    <ClCompile Include="..\..\..\third\muduo-win\src\test\min_heap_test.cc">
      <Filter>third\muduo-win\test</Filter>
    </ClCompile>
    <ClCompile Include="..\..\..\third\muduo-win\src\test\security_test.cc">
      <Filter>third\muduo-win\test</Filter>
    </ClCompile>
    <ClCompile Include="..\..\..\third\muduo-win\src\test\socketsOps_test.cc">
      <Filter>third\muduo-win\test</Filter>
    </ClCompile>
    <ClCompile Include="..\..\..\third\muduo-win\src\test\tcpclient_test.cc">
      <Filter>third\muduo-win\test</Filter>
    </ClCompile>
    <ClCompile Include="..\..\..\third\muduo-win\src\test\ThreadPool_test.cc">
      <Filter>third\muduo-win\test</Filter>
    </ClCompile>
    <ClCompile Include="..\..\..\third\muduo-win\src\test\time_min_heap_test.cc">
      <Filter>third\muduo-win\test</Filter>
    </ClCompile>
    <ClCompile Include="..\..\..\third\muduo-win\src\test\timerqueue_test.cc">
      <Filter>third\muduo-win\test</Filter>
    </ClCompile>
    <ClCompile Include="..\..\..\third\muduo-win\src\test\acceptor_test.cc">
      <Filter>third\muduo-win\test</Filter>
    </ClCompile>
    <ClCompile Include="..\..\..\third\muduo-win\src\net\Acceptor.cc">
      <Filter>third\muduo-win\net</Filter>
    </ClCompile>
    <ClCompile Include="..\..\..\third\muduo-win\src\net\Buffer.cc">
      <Filter>third\muduo-win\net</Filter>
    </ClCompile>
    <ClCompile Include="..\..\..\third\muduo-win\src\net\Channel.cc">
      <Filter>third\muduo-win\net</Filter>
    </ClCompile>
    <ClCompile Include="..\..\..\third\muduo-win\src\net\Connector.cc">
      <Filter>third\muduo-win\net</Filter>
    </ClCompile>
    <ClCompile Include="..\..\..\third\muduo-win\src\net\EventLoop.cc">
      <Filter>third\muduo-win\net</Filter>
    </ClCompile>
    <ClCompile Include="..\..\..\third\muduo-win\src\net\EventLoopThread.cc">
      <Filter>third\muduo-win\net</Filter>
    </ClCompile>
    <ClCompile Include="..\..\..\third\muduo-win\src\net\EventLoopThreadPool.cc">
      <Filter>third\muduo-win\net</Filter>
    </ClCompile>
    <ClCompile Include="..\..\..\third\muduo-win\src\net\InetAddress.cc">
      <Filter>third\muduo-win\net</Filter>
    </ClCompile>
    <ClCompile Include="..\..\..\third\muduo-win\src\net\Poller.cc">
      <Filter>third\muduo-win\net</Filter>
    </ClCompile>
    <ClCompile Include="..\..\..\third\muduo-win\src\net\Socket.cc">
      <Filter>third\muduo-win\net</Filter>
    </ClCompile>
    <ClCompile Include="..\..\..\third\muduo-win\src\net\SocketsOps.cc">
      <Filter>third\muduo-win\net</Filter>
    </ClCompile>
    <ClCompile Include="..\..\..\third\muduo-win\src\net\TcpClient.cc">
      <Filter>third\muduo-win\net</Filter>
    </ClCompile>
    <ClCompile Include="..\..\..\third\muduo-win\src\net\TcpConnection.cc">
      <Filter>third\muduo-win\net</Filter>
    </ClCompile>
    <ClCompile Include="..\..\..\third\muduo-win\src\net\TcpServer.cc">
      <Filter>third\muduo-win\net</Filter>
    </ClCompile>
    <ClCompile Include="..\..\..\third\muduo-win\src\net\Timer.cc">
      <Filter>third\muduo-win\net</Filter>
    </ClCompile>
    <ClCompile Include="..\..\..\third\muduo-win\src\net\TimerQueue.cc">
      <Filter>third\muduo-win\net</Filter>
    </ClCompile>
    <ClCompile Include="..\..\..\third\muduo-win\src\net\Poller\SelectPoller.cc">
      <Filter>third\muduo-win\net\Poller</Filter>
    </ClCompile>
    <ClCompile Include="..\..\..\third\muduo-win\src\net\Poller\DefaultPoller.cc">
      <Filter>third\muduo-win\net\Poller</Filter>
    </ClCompile>
    <ClCompile Include="..\..\..\test\tcp_chat_client.cpp">
      <Filter>test</Filter>
    </ClCompile>
    <ClCompile Include="..\..\..\test\tcp_chat_server.cpp">
      <Filter>test</Filter>
    </ClCompile>
    <ClCompile Include="..\..\..\test\udp_chat_client.cpp">
      <Filter>test</Filter>
    </ClCompile>
    <ClCompile Include="..\..\..\test\udp_chat_server.cpp">
      <Filter>test</Filter>
    </ClCompile>
    <ClCompile Include="..\..\..\third\kcpp\test\TestKcpCli.cpp">
      <Filter>third\kcpp\test</Filter>
    </ClCompile>
    <ClCompile Include="..\..\..\third\kcpp\test\TestKcppClient.cpp">
      <Filter>third\kcpp\test</Filter>
    </ClCompile>
    <ClCompile Include="..\..\..\third\kcpp\test\TestKcppServer.cpp">
      <Filter>third\kcpp\test</Filter>
    </ClCompile>
    <ClCompile Include="..\..\..\third\kcpp\test\TestKcpSrv.cpp">
      <Filter>third\kcpp\test</Filter>
    </ClCompile>
  </ItemGroup>
  <ItemGroup>
    <ClInclude Include="..\..\..\third\kcpp\ikcp.h">
      <Filter>third\kcpp</Filter>
    </ClInclude>
    <ClInclude Include="..\..\..\third\kcpp\kcpp.h">
      <Filter>third\kcpp</Filter>
    </ClInclude>
    <ClInclude Include="..\..\..\third\muduo\base\Atomic.h">
      <Filter>third\muduo\base</Filter>
    </ClInclude>
    <ClInclude Include="..\..\..\third\muduo\base\Condition.h">
      <Filter>third\muduo\base</Filter>
    </ClInclude>
    <ClInclude Include="..\..\..\third\muduo\base\copyable.h">
      <Filter>third\muduo\base</Filter>
    </ClInclude>
    <ClInclude Include="..\..\..\third\muduo\base\CountDownLatch.h">
      <Filter>third\muduo\base</Filter>
    </ClInclude>
    <ClInclude Include="..\..\..\third\muduo\base\CurrentThread.h">
      <Filter>third\muduo\base</Filter>
    </ClInclude>
    <ClInclude Include="..\..\..\third\muduo\base\Date.h">
      <Filter>third\muduo\base</Filter>
    </ClInclude>
    <ClInclude Include="..\..\..\third\muduo\base\Exception.h">
      <Filter>third\muduo\base</Filter>
    </ClInclude>
    <ClInclude Include="..\..\..\third\muduo\base\Logging.h">
      <Filter>third\muduo\base</Filter>
    </ClInclude>
    <ClInclude Include="..\..\..\third\muduo\base\LogStream.h">
      <Filter>third\muduo\base</Filter>
    </ClInclude>
    <ClInclude Include="..\..\..\third\muduo\base\Mutex.h">
      <Filter>third\muduo\base</Filter>
    </ClInclude>
    <ClInclude Include="..\..\..\third\muduo\base\noncopyable.h">
      <Filter>third\muduo\base</Filter>
    </ClInclude>
    <ClInclude Include="..\..\..\third\muduo\base\StringPiece.h">
      <Filter>third\muduo\base</Filter>
    </ClInclude>
    <ClInclude Include="..\..\..\third\muduo\base\Thread.h">
      <Filter>third\muduo\base</Filter>
    </ClInclude>
    <ClInclude Include="..\..\..\third\muduo\base\ThreadLocal.h">
      <Filter>third\muduo\base</Filter>
    </ClInclude>
    <ClInclude Include="..\..\..\third\muduo\base\ThreadLocalSingleton.h">
      <Filter>third\muduo\base</Filter>
    </ClInclude>
    <ClInclude Include="..\..\..\third\muduo\base\ThreadPool.h">
      <Filter>third\muduo\base</Filter>
    </ClInclude>
    <ClInclude Include="..\..\..\third\muduo\base\Timestamp.h">
      <Filter>third\muduo\base</Filter>
    </ClInclude>
    <ClInclude Include="..\..\..\third\muduo\base\TimeZone.h">
      <Filter>third\muduo\base</Filter>
    </ClInclude>
    <ClInclude Include="..\..\..\third\muduo\base\Types.h">
      <Filter>third\muduo\base</Filter>
    </ClInclude>
    <ClInclude Include="..\..\..\third\muduo\base\WeakCallback.h">
      <Filter>third\muduo\base</Filter>
    </ClInclude>
    <ClInclude Include="..\..\..\third\muduo\net\Acceptor.h">
      <Filter>third\muduo\net</Filter>
    </ClInclude>
    <ClInclude Include="..\..\..\third\muduo\net\Buffer.h">
      <Filter>third\muduo\net</Filter>
    </ClInclude>
    <ClInclude Include="..\..\..\third\muduo\net\Callbacks.h">
      <Filter>third\muduo\net</Filter>
    </ClInclude>
    <ClInclude Include="..\..\..\third\muduo\net\Channel.h">
      <Filter>third\muduo\net</Filter>
    </ClInclude>
    <ClInclude Include="..\..\..\third\muduo\net\Connector.h">
      <Filter>third\muduo\net</Filter>
    </ClInclude>
    <ClInclude Include="..\..\..\third\muduo\net\Endian.h">
      <Filter>third\muduo\net</Filter>
    </ClInclude>
    <ClInclude Include="..\..\..\third\muduo\net\EventLoop.h">
      <Filter>third\muduo\net</Filter>
    </ClInclude>
    <ClInclude Include="..\..\..\third\muduo\net\EventLoopThread.h">
      <Filter>third\muduo\net</Filter>
    </ClInclude>
    <ClInclude Include="..\..\..\third\muduo\net\EventLoopThreadPool.h">
      <Filter>third\muduo\net</Filter>
    </ClInclude>
    <ClInclude Include="..\..\..\third\muduo\net\InetAddress.h">
      <Filter>third\muduo\net</Filter>
    </ClInclude>
    <ClInclude Include="..\..\..\third\muduo\net\Poller.h">
      <Filter>third\muduo\net</Filter>
    </ClInclude>
    <ClInclude Include="..\..\..\third\muduo\net\Socket.h">
      <Filter>third\muduo\net</Filter>
    </ClInclude>
    <ClInclude Include="..\..\..\third\muduo\net\SocketsOps.h">
      <Filter>third\muduo\net</Filter>
    </ClInclude>
    <ClInclude Include="..\..\..\third\muduo\net\TcpClient.h">
      <Filter>third\muduo\net</Filter>
    </ClInclude>
    <ClInclude Include="..\..\..\third\muduo\net\TcpConnection.h">
      <Filter>third\muduo\net</Filter>
    </ClInclude>
    <ClInclude Include="..\..\..\third\muduo\net\TcpServer.h">
      <Filter>third\muduo\net</Filter>
    </ClInclude>
    <ClInclude Include="..\..\..\third\muduo\net\Timer.h">
      <Filter>third\muduo\net</Filter>
    </ClInclude>
    <ClInclude Include="..\..\..\third\muduo\net\TimerId.h">
      <Filter>third\muduo\net</Filter>
    </ClInclude>
    <ClInclude Include="..\..\..\third\muduo\net\TimerQueue.h">
      <Filter>third\muduo\net</Filter>
    </ClInclude>
    <ClInclude Include="..\..\..\third\muduo\net\poller\EPollPoller.h">
      <Filter>third\muduo\net\poller</Filter>
    </ClInclude>
    <ClInclude Include="..\..\..\third\muduo\net\poller\PollPoller.h">
      <Filter>third\muduo\net\poller</Filter>
    </ClInclude>
    <ClInclude Include="..\..\..\core\any.h">
      <Filter>core</Filter>
    </ClInclude>
    <ClInclude Include="..\..\..\core\UdpCallbacks.h">
      <Filter>core</Filter>
    </ClInclude>
    <ClInclude Include="..\..\..\core\UdpClient.h">
      <Filter>core</Filter>
    </ClInclude>
    <ClInclude Include="..\..\..\core\UdpConnection.h">
      <Filter>core</Filter>
    </ClInclude>
    <ClInclude Include="..\..\..\core\UdpConnector.h">
      <Filter>core</Filter>
    </ClInclude>
    <ClInclude Include="..\..\..\core\UdpServer.h">
      <Filter>core</Filter>
    </ClInclude>
    <ClInclude Include="..\..\..\core\UdpSocketsOps.h">
      <Filter>core</Filter>
    </ClInclude>
    <ClInclude Include="..\..\..\third\muduo-win\src\alds\min_heap.h">
      <Filter>third\muduo-win\alds</Filter>
    </ClInclude>
    <ClInclude Include="..\..\..\third\muduo-win\src\base\security\aes_locl.h">
      <Filter>third\muduo-win\base\security</Filter>
    </ClInclude>
    <ClInclude Include="..\..\..\third\muduo-win\src\base\security\base64.h">
      <Filter>third\muduo-win\base\security</Filter>
    </ClInclude>
    <ClInclude Include="..\..\..\third\muduo-win\src\base\security\md5.h">
      <Filter>third\muduo-win\base\security</Filter>
    </ClInclude>
    <ClInclude Include="..\..\..\third\muduo-win\src\base\security\aes.h">
      <Filter>third\muduo-win\base\security</Filter>
    </ClInclude>
    <ClInclude Include="..\..\..\third\muduo-win\src\base\async_logging.h">
      <Filter>third\muduo-win\base</Filter>
    </ClInclude>
    <ClInclude Include="..\..\..\third\muduo-win\src\base\blocking_queue.h">
      <Filter>third\muduo-win\base</Filter>
    </ClInclude>
    <ClInclude Include="..\..\..\third\muduo-win\src\base\bounded_blocking_queue.h">
      <Filter>third\muduo-win\base</Filter>
    </ClInclude>
    <ClInclude Include="..\..\..\third\muduo-win\src\base\config_file_reader.h">
      <Filter>third\muduo-win\base</Filter>
    </ClInclude>
    <ClInclude Include="..\..\..\third\muduo-win\src\base\copyable.h">
      <Filter>third\muduo-win\base</Filter>
    </ClInclude>
    <ClInclude Include="..\..\..\third\muduo-win\src\base\count_down_latch.h">
      <Filter>third\muduo-win\base</Filter>
    </ClInclude>
    <ClInclude Include="..\..\..\third\muduo-win\src\base\file_util.h">
      <Filter>third\muduo-win\base</Filter>
    </ClInclude>
    <ClInclude Include="..\..\..\third\muduo-win\src\base\log_file.h">
      <Filter>third\muduo-win\base</Filter>
    </ClInclude>
    <ClInclude Include="..\..\..\third\muduo-win\src\base\log_stream.h">
      <Filter>third\muduo-win\base</Filter>
    </ClInclude>
    <ClInclude Include="..\..\..\third\muduo-win\src\base\logging.h">
      <Filter>third\muduo-win\base</Filter>
    </ClInclude>
    <ClInclude Include="..\..\..\third\muduo-win\src\base\stringpiece.h">
      <Filter>third\muduo-win\base</Filter>
    </ClInclude>
    <ClInclude Include="..\..\..\third\muduo-win\src\base\thread.h">
      <Filter>third\muduo-win\base</Filter>
    </ClInclude>
    <ClInclude Include="..\..\..\third\muduo-win\src\base\thread_pool.h">
      <Filter>third\muduo-win\base</Filter>
    </ClInclude>
    <ClInclude Include="..\..\..\third\muduo-win\src\base\timestamp.h">
      <Filter>third\muduo-win\base</Filter>
    </ClInclude>
    <ClInclude Include="..\..\..\third\muduo-win\src\base\types.h">
      <Filter>third\muduo-win\base</Filter>
    </ClInclude>
    <ClInclude Include="..\..\..\third\muduo-win\src\base\uncopyable.h">
      <Filter>third\muduo-win\base</Filter>
    </ClInclude>
    <ClInclude Include="..\..\..\third\muduo-win\src\base\win_time.h">
      <Filter>third\muduo-win\base</Filter>
    </ClInclude>
    <ClInclude Include="..\..\..\third\muduo-win\src\net\Acceptor.h">
      <Filter>third\muduo-win\net</Filter>
    </ClInclude>
    <ClInclude Include="..\..\..\third\muduo-win\src\net\Buffer.h">
      <Filter>third\muduo-win\net</Filter>
    </ClInclude>
    <ClInclude Include="..\..\..\third\muduo-win\src\net\Callbacks.h">
      <Filter>third\muduo-win\net</Filter>
    </ClInclude>
    <ClInclude Include="..\..\..\third\muduo-win\src\net\Channel.h">
      <Filter>third\muduo-win\net</Filter>
    </ClInclude>
    <ClInclude Include="..\..\..\third\muduo-win\src\net\Connector.h">
      <Filter>third\muduo-win\net</Filter>
    </ClInclude>
    <ClInclude Include="..\..\..\third\muduo-win\src\net\Endian.h">
      <Filter>third\muduo-win\net</Filter>
    </ClInclude>
    <ClInclude Include="..\..\..\third\muduo-win\src\net\EventLoop.h">
      <Filter>third\muduo-win\net</Filter>
    </ClInclude>
    <ClInclude Include="..\..\..\third\muduo-win\src\net\EventLoopThread.h">
      <Filter>third\muduo-win\net</Filter>
    </ClInclude>
    <ClInclude Include="..\..\..\third\muduo-win\src\net\EventLoopThreadPool.h">
      <Filter>third\muduo-win\net</Filter>
    </ClInclude>
    <ClInclude Include="..\..\..\third\muduo-win\src\net\InetAddress.h">
      <Filter>third\muduo-win\net</Filter>
    </ClInclude>
    <ClInclude Include="..\..\..\third\muduo-win\src\net\poll.h">
      <Filter>third\muduo-win\net</Filter>
    </ClInclude>
    <ClInclude Include="..\..\..\third\muduo-win\src\net\Poller.h">
      <Filter>third\muduo-win\net</Filter>
    </ClInclude>
    <ClInclude Include="..\..\..\third\muduo-win\src\net\Socket.h">
      <Filter>third\muduo-win\net</Filter>
    </ClInclude>
    <ClInclude Include="..\..\..\third\muduo-win\src\net\SocketsOps.h">
      <Filter>third\muduo-win\net</Filter>
    </ClInclude>
    <ClInclude Include="..\..\..\third\muduo-win\src\net\TcpClient.h">
      <Filter>third\muduo-win\net</Filter>
    </ClInclude>
    <ClInclude Include="..\..\..\third\muduo-win\src\net\TcpConnection.h">
      <Filter>third\muduo-win\net</Filter>
    </ClInclude>
    <ClInclude Include="..\..\..\third\muduo-win\src\net\TcpServer.h">
      <Filter>third\muduo-win\net</Filter>
    </ClInclude>
    <ClInclude Include="..\..\..\third\muduo-win\src\net\TimeMinHeap.h">
      <Filter>third\muduo-win\net</Filter>
    </ClInclude>
    <ClInclude Include="..\..\..\third\muduo-win\src\net\Timer.h">
      <Filter>third\muduo-win\net</Filter>
    </ClInclude>
    <ClInclude Include="..\..\..\third\muduo-win\src\net\TimerId.h">
      <Filter>third\muduo-win\net</Filter>
    </ClInclude>
    <ClInclude Include="..\..\..\third\muduo-win\src\net\TimerQueue.h">
      <Filter>third\muduo-win\net</Filter>
    </ClInclude>
    <ClInclude Include="..\..\..\third\muduo-win\src\net\Poller\SelectPoller.h">
      <Filter>third\muduo-win\net\Poller</Filter>
    </ClInclude>
    <ClInclude Include="..\..\..\core\UdpAcceptor.h">
      <Filter>core</Filter>
    </ClInclude>
    <ClInclude Include="..\..\..\third\muduo-win\src\base\Mutex.h">
      <Filter>third\muduo-win\base</Filter>
    </ClInclude>
    <ClInclude Include="..\..\..\test\tcp_codec.h">
      <Filter>test</Filter>
    </ClInclude>
    <ClInclude Include="..\..\..\test\udp_codec.h">
      <Filter>test</Filter>
    </ClInclude>
  </ItemGroup>
  <ItemGroup>
    <None Include="..\..\..\third\kcpp\.gitignore">
      <Filter>third\kcpp</Filter>
    </None>
    <None Include="..\..\..\third\kcpp\README.md">
      <Filter>third\kcpp</Filter>
    </None>
  </ItemGroup>
</Project>